Microsoft Visual Studio Solution File, Format Version 12.00
# Visual Studio Version 17
VisualStudioVersion = 17.5.2.0
MinimumVisualStudioVersion = 10.0.40219.1
Project("{FAE04EC0-301F-11D3-BF4B-00C04F79EFBC}") = "QPS-HT", "QPS-HT.csproj", "{92BF7962-87CF-A5D9-7B27-FFDFDFE4738F}"
EndProject
Global
	GlobalSection(SolutionConfigurationPlatforms) = preSolution
		Debug|Any CPU = Debug|Any CPU
		Release|Any CPU = Release|Any CPU
	EndGlobalSection
	GlobalSection(ProjectConfigurationPlatforms) = postSolution
		{92BF7962-87CF-A5D9-7B27-FFDFDFE4738F}.Debug|Any CPU.ActiveCfg = Debug|Any CPU
		{92BF7962-87CF-A5D9-7B27-FFDFDFE4738F}.Debug|Any CPU.Build.0 = Debug|Any CPU
		{92BF7962-87CF-A5D9-7B27-FFDFDFE4738F}.Release|Any CPU.ActiveCfg = Release|Any CPU
		{92BF7962-87CF-A5D9-7B27-FFDFDFE4738F}.Release|Any CPU.Build.0 = Release|Any CPU
	EndGlobalSection
	GlobalSection(SolutionProperties) = preSolution
		HideSolutionNode = FALSE
	EndGlobalSection
	GlobalSection(ExtensibilityGlobals) = postSolution
		SolutionGuid = {883EC0C0-D6EA-4E0F-A82C-1F1E34DF5BF0}
	EndGlobalSection
EndGlobal
